// !$*UTF8*$!
{
	archiveVersion = 1;
	classes = {
	};
	objectVersion = 52;
	objects = {

/* Begin PBXBuildFile section */
		1101E2BD252FA1AB00130BDF /* M7NativeFirebase in Frameworks */ = {isa = PBXBuildFile; productRef = 1101E2BC252FA1AB00130BDF /* M7NativeFirebase */; };
		112DE348253C8F7F00E69687 /* CenterViewModel.swift in Sources */ = {isa = PBXBuildFile; fileRef = 112DE347253C8F7F00E69687 /* CenterViewModel.swift */; };
		112DE34F253C9DC300E69687 /* LeftViewModel.swift in Sources */ = {isa = PBXBuildFile; fileRef = 112DE34E253C9DC300E69687 /* LeftViewModel.swift */; };
		112DE357253CC0E000E69687 /* ListModel.swift in Sources */ = {isa = PBXBuildFile; fileRef = 112DE356253CC0E000E69687 /* ListModel.swift */; };
		113E2A6E253830CB00EC1FB9 /* FirebaseAuth in Frameworks */ = {isa = PBXBuildFile; productRef = 113E2A6D253830CB00EC1FB9 /* FirebaseAuth */; };
		113E2A70253830CB00EC1FB9 /* Firebase in Frameworks */ = {isa = PBXBuildFile; productRef = 113E2A6F253830CB00EC1FB9 /* Firebase */; };
		119243972538D9740073ABB0 /* UnAuthView.swift in Sources */ = {isa = PBXBuildFile; fileRef = 119243962538D9740073ABB0 /* UnAuthView.swift */; };
		1192439C2538EF6A0073ABB0 /* FirebaseFirestoreSwift in Frameworks */ = {isa = PBXBuildFile; productRef = 1192439B2538EF6A0073ABB0 /* FirebaseFirestoreSwift */; };
		119243A02538F01F0073ABB0 /* FirebaseFirestore in Frameworks */ = {isa = PBXBuildFile; productRef = 1192439F2538F01F0073ABB0 /* FirebaseFirestore */; };
		11B67A7F25385EE5006651F4 /* AuthenticationServices.framework in Frameworks */ = {isa = PBXBuildFile; fileRef = 11B67A7E25385EE5006651F4 /* AuthenticationServices.framework */; };
		11BB152D253E2B9400FA930D /* CrateNewListView.swift in Sources */ = {isa = PBXBuildFile; fileRef = 11BB152C253E2B9400FA930D /* CrateNewListView.swift */; };
		11EA3A5D2537B1C400EB8BB5 /* M7NativeFirebase in Frameworks */ = {isa = PBXBuildFile; productRef = 11EA3A5C2537B1C400EB8BB5 /* M7NativeFirebase */; };
		11EA3A6A2537B59F00EB8BB5 /* GoogleService-Info.plist in Resources */ = {isa = PBXBuildFile; fileRef = 11EA3A692537B59E00EB8BB5 /* GoogleService-Info.plist */; };
		11EA3A6B2537B59F00EB8BB5 /* GoogleService-Info.plist in Resources */ = {isa = PBXBuildFile; fileRef = 11EA3A692537B59E00EB8BB5 /* GoogleService-Info.plist */; };
		3A061D9D251E4225004E25BF /* Preview Assets.xcassets in Resources */ = {isa = PBXBuildFile; fileRef = 3A061D9C251E4225004E25BF /* Preview Assets.xcassets */; };
		3A061DA3251E5920004E25BF /* ListItemRowView.swift in Sources */ = {isa = PBXBuildFile; fileRef = 3A061DA2251E5920004E25BF /* ListItemRowView.swift */; };
		3A061DB5251E68E3004E25BF /* NewItemTextFieldView.swift in Sources */ = {isa = PBXBuildFile; fileRef = 3A061DB4251E68E3004E25BF /* NewItemTextFieldView.swift */; };
		3A061DBA251F3AD6004E25BF /* NewItemButton.swift in Sources */ = {isa = PBXBuildFile; fileRef = 3A061DB9251F3AD6004E25BF /* NewItemButton.swift */; };
		3A0B522725129842009F9F12 /* LaunchScreen.storyboard in Resources */ = {isa = PBXBuildFile; fileRef = 3A0B522625129842009F9F12 /* LaunchScreen.storyboard */; };
		3A19C3F024FC2AE400FD67FB /* Discussion_busketApp.swift in Sources */ = {isa = PBXBuildFile; fileRef = 3A19C3DD24FC2AE300FD67FB /* Discussion_busketApp.swift */; };
		3A19C3F124FC2AE400FD67FB /* Discussion_busketApp.swift in Sources */ = {isa = PBXBuildFile; fileRef = 3A19C3DD24FC2AE300FD67FB /* Discussion_busketApp.swift */; };
		3A19C3F424FC2AE400FD67FB /* Assets.xcassets in Resources */ = {isa = PBXBuildFile; fileRef = 3A19C3DF24FC2AE400FD67FB /* Assets.xcassets */; };
		3A19C3F524FC2AE400FD67FB /* Assets.xcassets in Resources */ = {isa = PBXBuildFile; fileRef = 3A19C3DF24FC2AE400FD67FB /* Assets.xcassets */; };
		3A19C40224FC2B6C00FD67FB /* ListTitleView.swift in Sources */ = {isa = PBXBuildFile; fileRef = 3A19C40124FC2B6C00FD67FB /* ListTitleView.swift */; };
		3A1AD143252511C500008FE9 /* ChatBubble.swift in Sources */ = {isa = PBXBuildFile; fileRef = 3A1AD142252511C500008FE9 /* ChatBubble.swift */; };
		3A1AD149252511F900008FE9 /* ChatRow.swift in Sources */ = {isa = PBXBuildFile; fileRef = 3A1AD148252511F900008FE9 /* ChatRow.swift */; };
		3A1AD14F2525295600008FE9 /* iOSRootViewModel.swift in Sources */ = {isa = PBXBuildFile; fileRef = 3A1AD14E2525295600008FE9 /* iOSRootViewModel.swift */; };
		3A1C0B1D25040E600087E5E3 /* iOSRoot.swift in Sources */ = {isa = PBXBuildFile; fileRef = 3A1C0B1B250408DE0087E5E3 /* iOSRoot.swift */; };
		3A1C0B2025040E630087E5E3 /* MacRoot.swift in Sources */ = {isa = PBXBuildFile; fileRef = 3A1C0B1C25040B350087E5E3 /* MacRoot.swift */; };
		3A22A994251075FD00404E2E /* M7Native in Frameworks */ = {isa = PBXBuildFile; productRef = 3A22A993251075FD00404E2E /* M7Native */; };
		3A22A9B0251079DC00404E2E /* Localizable.strings in Resources */ = {isa = PBXBuildFile; fileRef = 3A22A9B3251079DC00404E2E /* Localizable.strings */; };
		3A22A9B1251079DC00404E2E /* Localizable.strings in Resources */ = {isa = PBXBuildFile; fileRef = 3A22A9B3251079DC00404E2E /* Localizable.strings */; };
		3A3C1CF0250EB7250076D0C0 /* ProVersonBanner.swift in Sources */ = {isa = PBXBuildFile; fileRef = 3A3C1CEF250EB7250076D0C0 /* ProVersonBanner.swift */; };
		3A3C1CF2250EBBD60076D0C0 /* ProfileView.swift in Sources */ = {isa = PBXBuildFile; fileRef = 3A3C1CF1250EBBD60076D0C0 /* ProfileView.swift */; };
		3A3C1CF4250F2DDF0076D0C0 /* SettingsModelView.swift in Sources */ = {isa = PBXBuildFile; fileRef = 3A3C1CF3250F2DDF0076D0C0 /* SettingsModelView.swift */; };
		3A4220CD252664B100EDC7CF /* ChatTitleView.swift in Sources */ = {isa = PBXBuildFile; fileRef = 3A4220CC252664B100EDC7CF /* ChatTitleView.swift */; };
		3A7204FB250415AA00D04910 /* ListView.swift in Sources */ = {isa = PBXBuildFile; fileRef = 3A7204FA250415AA00D04910 /* ListView.swift */; };
		3ACA777C2506D3E9003ECE41 /* UserProfileButton.swift in Sources */ = {isa = PBXBuildFile; fileRef = 3ACA777B2506D3E9003ECE41 /* UserProfileButton.swift */; };
		3ACADB3625114DE90012921A /* M7Native in Frameworks */ = {isa = PBXBuildFile; productRef = 3ACADB3525114DE90012921A /* M7Native */; };
		3AF2D7DF2504344300EB239C /* LeftMenu.swift in Sources */ = {isa = PBXBuildFile; fileRef = 3AF2D7DE2504344300EB239C /* LeftMenu.swift */; };
		3AF2D7E12504352100EB239C /* ChatView.swift in Sources */ = {isa = PBXBuildFile; fileRef = 3AF2D7E02504352100EB239C /* ChatView.swift */; };
		3AF2D7E32505759D00EB239C /* ListTitleMenuButtonsView.swift in Sources */ = {isa = PBXBuildFile; fileRef = 3AF2D7E22505759D00EB239C /* ListTitleMenuButtonsView.swift */; };
		3AF2D7E52505857300EB239C /* PagesSliderView.swift in Sources */ = {isa = PBXBuildFile; fileRef = 3AF2D7E42505857300EB239C /* PagesSliderView.swift */; };
		3AF369BF250E41F2005D934F /* ListInfoCard.swift in Sources */ = {isa = PBXBuildFile; fileRef = 3AF369BE250E41F2005D934F /* ListInfoCard.swift */; };
		3AF369C0250E41F2005D934F /* ListInfoCard.swift in Sources */ = {isa = PBXBuildFile; fileRef = 3AF369BE250E41F2005D934F /* ListInfoCard.swift */; };
		3AF369C2250E74BE005D934F /* ListTitleMenuButtonRowView.swift in Sources */ = {isa = PBXBuildFile; fileRef = 3AF369C1250E74BE005D934F /* ListTitleMenuButtonRowView.swift */; };
/* End PBXBuildFile section */

/* Begin PBXFileReference section */
		112DE347253C8F7F00E69687 /* CenterViewModel.swift */ = {isa = PBXFileReference; lastKnownFileType = sourcecode.swift; path = CenterViewModel.swift; sourceTree = "<group>"; };
		112DE34E253C9DC300E69687 /* LeftViewModel.swift */ = {isa = PBXFileReference; lastKnownFileType = sourcecode.swift; path = LeftViewModel.swift; sourceTree = "<group>"; };
		112DE356253CC0E000E69687 /* ListModel.swift */ = {isa = PBXFileReference; lastKnownFileType = sourcecode.swift; path = ListModel.swift; sourceTree = "<group>"; };
		119243962538D9740073ABB0 /* UnAuthView.swift */ = {isa = PBXFileReference; lastKnownFileType = sourcecode.swift; path = UnAuthView.swift; sourceTree = "<group>"; };
		11B67A7D25385EE5006651F4 /* Discussion busket.entitlements */ = {isa = PBXFileReference; lastKnownFileType = text.plist.entitlements; path = "Discussion busket.entitlements"; sourceTree = "<group>"; };
		11B67A7E25385EE5006651F4 /* AuthenticationServices.framework */ = {isa = PBXFileReference; lastKnownFileType = wrapper.framework; name = AuthenticationServices.framework; path = Platforms/iPhoneOS.platform/Developer/SDKs/iPhoneOS14.0.sdk/System/Library/Frameworks/AuthenticationServices.framework; sourceTree = DEVELOPER_DIR; };
		11BB152C253E2B9400FA930D /* CrateNewListView.swift */ = {isa = PBXFileReference; lastKnownFileType = sourcecode.swift; path = CrateNewListView.swift; sourceTree = "<group>"; };
		11EA3A692537B59E00EB8BB5 /* GoogleService-Info.plist */ = {isa = PBXFileReference; fileEncoding = 4; lastKnownFileType = text.plist.xml; path = "GoogleService-Info.plist"; sourceTree = "<group>"; };
		3A061D9C251E4225004E25BF /* Preview Assets.xcassets */ = {isa = PBXFileReference; lastKnownFileType = folder.assetcatalog; path = "Preview Assets.xcassets"; sourceTree = "<group>"; };
		3A061DA2251E5920004E25BF /* ListItemRowView.swift */ = {isa = PBXFileReference; lastKnownFileType = sourcecode.swift; path = ListItemRowView.swift; sourceTree = "<group>"; };
		3A061DB4251E68E3004E25BF /* NewItemTextFieldView.swift */ = {isa = PBXFileReference; lastKnownFileType = sourcecode.swift; path = NewItemTextFieldView.swift; sourceTree = "<group>"; };
		3A061DB9251F3AD6004E25BF /* NewItemButton.swift */ = {isa = PBXFileReference; lastKnownFileType = sourcecode.swift; path = NewItemButton.swift; sourceTree = "<group>"; };
		3A0B522625129842009F9F12 /* LaunchScreen.storyboard */ = {isa = PBXFileReference; fileEncoding = 4; lastKnownFileType = file.storyboard; path = LaunchScreen.storyboard; sourceTree = "<group>"; };
		3A19C3DD24FC2AE300FD67FB /* Discussion_busketApp.swift */ = {isa = PBXFileReference; lastKnownFileType = sourcecode.swift; path = Discussion_busketApp.swift; sourceTree = "<group>"; };
		3A19C3DF24FC2AE400FD67FB /* Assets.xcassets */ = {isa = PBXFileReference; lastKnownFileType = folder.assetcatalog; path = Assets.xcassets; sourceTree = "<group>"; };
		3A19C3E424FC2AE400FD67FB /* Discussion busket.app */ = {isa = PBXFileReference; explicitFileType = wrapper.application; includeInIndex = 0; path = "Discussion busket.app"; sourceTree = BUILT_PRODUCTS_DIR; };
		3A19C3E724FC2AE400FD67FB /* Info.plist */ = {isa = PBXFileReference; lastKnownFileType = text.plist.xml; path = Info.plist; sourceTree = "<group>"; };
		3A19C3EC24FC2AE400FD67FB /* Discussion busket.app */ = {isa = PBXFileReference; explicitFileType = wrapper.application; includeInIndex = 0; path = "Discussion busket.app"; sourceTree = BUILT_PRODUCTS_DIR; };
		3A19C3EE24FC2AE400FD67FB /* Info.plist */ = {isa = PBXFileReference; lastKnownFileType = text.plist.xml; path = Info.plist; sourceTree = "<group>"; };
		3A19C3EF24FC2AE400FD67FB /* macOS.entitlements */ = {isa = PBXFileReference; lastKnownFileType = text.plist.entitlements; path = macOS.entitlements; sourceTree = "<group>"; };
		3A19C40124FC2B6C00FD67FB /* ListTitleView.swift */ = {isa = PBXFileReference; lastKnownFileType = sourcecode.swift; path = ListTitleView.swift; sourceTree = "<group>"; };
		3A1AD142252511C500008FE9 /* ChatBubble.swift */ = {isa = PBXFileReference; lastKnownFileType = sourcecode.swift; path = ChatBubble.swift; sourceTree = "<group>"; };
		3A1AD148252511F900008FE9 /* ChatRow.swift */ = {isa = PBXFileReference; lastKnownFileType = sourcecode.swift; path = ChatRow.swift; sourceTree = "<group>"; };
		3A1AD14E2525295600008FE9 /* iOSRootViewModel.swift */ = {isa = PBXFileReference; lastKnownFileType = sourcecode.swift; path = iOSRootViewModel.swift; sourceTree = "<group>"; };
		3A1C0B1B250408DE0087E5E3 /* iOSRoot.swift */ = {isa = PBXFileReference; lastKnownFileType = sourcecode.swift; path = iOSRoot.swift; sourceTree = "<group>"; };
		3A1C0B1C25040B350087E5E3 /* MacRoot.swift */ = {isa = PBXFileReference; lastKnownFileType = sourcecode.swift; path = MacRoot.swift; sourceTree = "<group>"; };
		3A22A991251075DA00404E2E /* M7Native */ = {isa = PBXFileReference; lastKnownFileType = folder; name = M7Native; path = ../M7Native; sourceTree = "<group>"; };
		3A22A9B2251079DC00404E2E /* ru */ = {isa = PBXFileReference; lastKnownFileType = text.plist.strings; name = ru; path = ru.lproj/Localizable.strings; sourceTree = "<group>"; };
		3A22A9B4251079DF00404E2E /* en */ = {isa = PBXFileReference; lastKnownFileType = text.plist.strings; name = en; path = en.lproj/Localizable.strings; sourceTree = "<group>"; };
		3A3C1CEF250EB7250076D0C0 /* ProVersonBanner.swift */ = {isa = PBXFileReference; lastKnownFileType = sourcecode.swift; path = ProVersonBanner.swift; sourceTree = "<group>"; };
		3A3C1CF1250EBBD60076D0C0 /* ProfileView.swift */ = {isa = PBXFileReference; lastKnownFileType = sourcecode.swift; path = ProfileView.swift; sourceTree = "<group>"; };
		3A3C1CF3250F2DDF0076D0C0 /* SettingsModelView.swift */ = {isa = PBXFileReference; lastKnownFileType = sourcecode.swift; path = SettingsModelView.swift; sourceTree = "<group>"; };
		3A4220CC252664B100EDC7CF /* ChatTitleView.swift */ = {isa = PBXFileReference; lastKnownFileType = sourcecode.swift; path = ChatTitleView.swift; sourceTree = "<group>"; };
		3A7204FA250415AA00D04910 /* ListView.swift */ = {isa = PBXFileReference; lastKnownFileType = sourcecode.swift; path = ListView.swift; sourceTree = "<group>"; };
		3ACA777B2506D3E9003ECE41 /* UserProfileButton.swift */ = {isa = PBXFileReference; lastKnownFileType = sourcecode.swift; path = UserProfileButton.swift; sourceTree = "<group>"; };
		3AF2D7DE2504344300EB239C /* LeftMenu.swift */ = {isa = PBXFileReference; lastKnownFileType = sourcecode.swift; path = LeftMenu.swift; sourceTree = "<group>"; };
		3AF2D7E02504352100EB239C /* ChatView.swift */ = {isa = PBXFileReference; lastKnownFileType = sourcecode.swift; path = ChatView.swift; sourceTree = "<group>"; };
		3AF2D7E22505759D00EB239C /* ListTitleMenuButtonsView.swift */ = {isa = PBXFileReference; lastKnownFileType = sourcecode.swift; path = ListTitleMenuButtonsView.swift; sourceTree = "<group>"; };
		3AF2D7E42505857300EB239C /* PagesSliderView.swift */ = {isa = PBXFileReference; lastKnownFileType = sourcecode.swift; path = PagesSliderView.swift; sourceTree = "<group>"; };
		3AF369BE250E41F2005D934F /* ListInfoCard.swift */ = {isa = PBXFileReference; lastKnownFileType = sourcecode.swift; path = ListInfoCard.swift; sourceTree = "<group>"; };
		3AF369C1250E74BE005D934F /* ListTitleMenuButtonRowView.swift */ = {isa = PBXFileReference; lastKnownFileType = sourcecode.swift; path = ListTitleMenuButtonRowView.swift; sourceTree = "<group>"; };
/* End PBXFileReference section */

/* Begin PBXFrameworksBuildPhase section */
		3A19C3E124FC2AE400FD67FB /* Frameworks */ = {
			isa = PBXFrameworksBuildPhase;
			buildActionMask = 2147483647;
			files = (
				113E2A70253830CB00EC1FB9 /* Firebase in Frameworks */,
				11B67A7F25385EE5006651F4 /* AuthenticationServices.framework in Frameworks */,
				1101E2BD252FA1AB00130BDF /* M7NativeFirebase in Frameworks */,
				113E2A6E253830CB00EC1FB9 /* FirebaseAuth in Frameworks */,
				3A22A994251075FD00404E2E /* M7Native in Frameworks */,
				1192439C2538EF6A0073ABB0 /* FirebaseFirestoreSwift in Frameworks */,
				119243A02538F01F0073ABB0 /* FirebaseFirestore in Frameworks */,
			);
			runOnlyForDeploymentPostprocessing = 0;
		};
		3A19C3E924FC2AE400FD67FB /* Frameworks */ = {
			isa = PBXFrameworksBuildPhase;
			buildActionMask = 2147483647;
			files = (
				3ACADB3625114DE90012921A /* M7Native in Frameworks */,
				11EA3A5D2537B1C400EB8BB5 /* M7NativeFirebase in Frameworks */,
			);
			runOnlyForDeploymentPostprocessing = 0;
		};
/* End PBXFrameworksBuildPhase section */

/* Begin PBXGroup section */
		112DE346253C8F6600E69687 /*  Views */ = {
			isa = PBXGroup;
			children = (
				3A061DA6251E5947004E25BF /* MenuAndTitleView */,
				3A061DA7251E595D004E25BF /* ListView */,
				3A061DB8251F3A62004E25BF /* NewItemTextField */,
				112DE347253C8F7F00E69687 /* CenterViewModel.swift */,
			);
			name = " Views";
			sourceTree = "<group>";
		};
		112DE34D253C9CAA00E69687 /* Views */ = {
			isa = PBXGroup;
			children = (
				3AF2D7DE2504344300EB239C /* LeftMenu.swift */,
				11BB152C253E2B9400FA930D /* CrateNewListView.swift */,
				3ACA777B2506D3E9003ECE41 /* UserProfileButton.swift */,
				3AF369BE250E41F2005D934F /* ListInfoCard.swift */,
				119243962538D9740073ABB0 /* UnAuthView.swift */,
				3A3C1CEF250EB7250076D0C0 /* ProVersonBanner.swift */,
			);
			name = Views;
			sourceTree = "<group>";
		};
		3A061D8D251E41A1004E25BF /* Preview Content */ = {
			isa = PBXGroup;
			children = (
				3A061D9C251E4225004E25BF /* Preview Assets.xcassets */,
			);
			name = "Preview Content";
			sourceTree = "<group>";
		};
		3A061DA6251E5947004E25BF /* MenuAndTitleView */ = {
			isa = PBXGroup;
			children = (
				3A19C40124FC2B6C00FD67FB /* ListTitleView.swift */,
				3AF2D7E22505759D00EB239C /* ListTitleMenuButtonsView.swift */,
				3AF369C1250E74BE005D934F /* ListTitleMenuButtonRowView.swift */,
			);
			name = MenuAndTitleView;
			sourceTree = "<group>";
		};
		3A061DA7251E595D004E25BF /* ListView */ = {
			isa = PBXGroup;
			children = (
				3A7204FA250415AA00D04910 /* ListView.swift */,
				3A061DA2251E5920004E25BF /* ListItemRowView.swift */,
			);
			name = ListView;
			sourceTree = "<group>";
		};
		3A061DB8251F3A62004E25BF /* NewItemTextField */ = {
			isa = PBXGroup;
			children = (
				3A061DB4251E68E3004E25BF /* NewItemTextFieldView.swift */,
				3A061DB9251F3AD6004E25BF /* NewItemButton.swift */,
			);
			name = NewItemTextField;
			sourceTree = "<group>";
		};
		3A19C3D724FC2AE300FD67FB = {
			isa = PBXGroup;
			children = (
				11B67A7D25385EE5006651F4 /* Discussion busket.entitlements */,
				3A22A991251075DA00404E2E /* M7Native */,
				3A19C3DC24FC2AE300FD67FB /* Shared */,
				3A19C3E624FC2AE400FD67FB /* iOS */,
				3A19C3ED24FC2AE400FD67FB /* macOS */,
				3A19C3E524FC2AE400FD67FB /* Products */,
				3A22A992251075FD00404E2E /* Frameworks */,
			);
			sourceTree = "<group>";
		};
		3A19C3DC24FC2AE300FD67FB /* Shared */ = {
			isa = PBXGroup;
			children = (
				11EA3A692537B59E00EB8BB5 /* GoogleService-Info.plist */,
				3A19C3DD24FC2AE300FD67FB /* Discussion_busketApp.swift */,
				3A22A9B3251079DC00404E2E /* Localizable.strings */,
				3A19C3DF24FC2AE400FD67FB /* Assets.xcassets */,
			);
			path = Shared;
			sourceTree = "<group>";
		};
		3A19C3E524FC2AE400FD67FB /* Products */ = {
			isa = PBXGroup;
			children = (
				3A19C3E424FC2AE400FD67FB /* Discussion busket.app */,
				3A19C3EC24FC2AE400FD67FB /* Discussion busket.app */,
			);
			name = Products;
			sourceTree = "<group>";
		};
		3A19C3E624FC2AE400FD67FB /* iOS */ = {
			isa = PBXGroup;
			children = (
				3A0B522625129842009F9F12 /* LaunchScreen.storyboard */,
				3AF2D7E7250585C200EB239C /* Root */,
				3AF2D7E6250585A100EB239C /* CenterViews */,
				3AF2D7E8250585DE00EB239C /* LeftViews */,
				3AF2D7E9250585FD00EB239C /* RightViews */,
				3A22A995251077A600404E2E /* Settings */,
				3AA8907F2512AEBF00B56126 /* Profile */,
				3A19C3E724FC2AE400FD67FB /* Info.plist */,
				3A061D8D251E41A1004E25BF /* Preview Content */,
			);
			path = iOS;
			sourceTree = "<group>";
		};
		3A19C3ED24FC2AE400FD67FB /* macOS */ = {
			isa = PBXGroup;
			children = (
				3A1C0B1C25040B350087E5E3 /* MacRoot.swift */,
				3A19C3EE24FC2AE400FD67FB /* Info.plist */,
				3A19C3EF24FC2AE400FD67FB /* macOS.entitlements */,
			);
			path = macOS;
			sourceTree = "<group>";
		};
		3A22A992251075FD00404E2E /* Frameworks */ = {
			isa = PBXGroup;
			children = (
				11B67A7E25385EE5006651F4 /* AuthenticationServices.framework */,
			);
			name = Frameworks;
			sourceTree = "<group>";
		};
		3A22A995251077A600404E2E /* Settings */ = {
			isa = PBXGroup;
			children = (
				3A3C1CF3250F2DDF0076D0C0 /* SettingsModelView.swift */,
			);
			name = Settings;
			sourceTree = "<group>";
		};
		3AA8907F2512AEBF00B56126 /* Profile */ = {
			isa = PBXGroup;
			children = (
				3A3C1CF1250EBBD60076D0C0 /* ProfileView.swift */,
			);
			name = Profile;
			sourceTree = "<group>";
		};
		3AF2D7E6250585A100EB239C /* CenterViews */ = {
			isa = PBXGroup;
			children = (
				112DE346253C8F6600E69687 /*  Views */,
			);
			name = CenterViews;
			sourceTree = "<group>";
		};
		3AF2D7E7250585C200EB239C /* Root */ = {
			isa = PBXGroup;
			children = (
				3A1AD14E2525295600008FE9 /* iOSRootViewModel.swift */,
				3A1C0B1B250408DE0087E5E3 /* iOSRoot.swift */,
				3AF2D7E42505857300EB239C /* PagesSliderView.swift */,
			);
			name = Root;
			sourceTree = "<group>";
		};
		3AF2D7E8250585DE00EB239C /* LeftViews */ = {
			isa = PBXGroup;
			children = (
				112DE356253CC0E000E69687 /* ListModel.swift */,
				112DE34E253C9DC300E69687 /* LeftViewModel.swift */,
				112DE34D253C9CAA00E69687 /* Views */,
			);
			name = LeftViews;
			sourceTree = "<group>";
		};
		3AF2D7E9250585FD00EB239C /* RightViews */ = {
			isa = PBXGroup;
			children = (
				3A4220CC252664B100EDC7CF /* ChatTitleView.swift */,
				3AF2D7E02504352100EB239C /* ChatView.swift */,
				3A1AD142252511C500008FE9 /* ChatBubble.swift */,
				3A1AD148252511F900008FE9 /* ChatRow.swift */,
			);
			name = RightViews;
			sourceTree = "<group>";
		};
/* End PBXGroup section */

/* Begin PBXNativeTarget section */
		3A19C3E324FC2AE400FD67FB /* Listixs (iOS) */ = {
			isa = PBXNativeTarget;
			buildConfigurationList = 3A19C3F824FC2AE400FD67FB /* Build configuration list for PBXNativeTarget "Listixs (iOS)" */;
			buildPhases = (
				3A19C3E024FC2AE400FD67FB /* Sources */,
				3A19C3E124FC2AE400FD67FB /* Frameworks */,
				3A19C3E224FC2AE400FD67FB /* Resources */,
			);
			buildRules = (
			);
			dependencies = (
			);
			name = "Listixs (iOS)";
			packageProductDependencies = (
				3A22A993251075FD00404E2E /* M7Native */,
				1101E2BC252FA1AB00130BDF /* M7NativeFirebase */,
				113E2A6D253830CB00EC1FB9 /* FirebaseAuth */,
				113E2A6F253830CB00EC1FB9 /* Firebase */,
				1192439B2538EF6A0073ABB0 /* FirebaseFirestoreSwift */,
				1192439F2538F01F0073ABB0 /* FirebaseFirestore */,
			);
			productName = "Discussion busket (iOS)";
			productReference = 3A19C3E424FC2AE400FD67FB /* Discussion busket.app */;
			productType = "com.apple.product-type.application";
		};
		3A19C3EB24FC2AE400FD67FB /* Listixs (macOS) */ = {
			isa = PBXNativeTarget;
			buildConfigurationList = 3A19C3FB24FC2AE400FD67FB /* Build configuration list for PBXNativeTarget "Listixs (macOS)" */;
			buildPhases = (
				3A19C3E824FC2AE400FD67FB /* Sources */,
				3A19C3E924FC2AE400FD67FB /* Frameworks */,
				3A19C3EA24FC2AE400FD67FB /* Resources */,
			);
			buildRules = (
			);
			dependencies = (
			);
			name = "Listixs (macOS)";
			packageProductDependencies = (
				3ACADB3525114DE90012921A /* M7Native */,
				11EA3A5C2537B1C400EB8BB5 /* M7NativeFirebase */,
			);
			productName = "Discussion busket (macOS)";
			productReference = 3A19C3EC24FC2AE400FD67FB /* Discussion busket.app */;
			productType = "com.apple.product-type.application";
		};
/* End PBXNativeTarget section */

/* Begin PBXProject section */
		3A19C3D824FC2AE300FD67FB /* Project object */ = {
			isa = PBXProject;
			attributes = {
				LastSwiftUpdateCheck = 1200;
				LastUpgradeCheck = 1210;
				TargetAttributes = {
					3A19C3E324FC2AE400FD67FB = {
						CreatedOnToolsVersion = 12.0;
					};
					3A19C3EB24FC2AE400FD67FB = {
						CreatedOnToolsVersion = 12.0;
					};
				};
			};
			buildConfigurationList = 3A19C3DB24FC2AE300FD67FB /* Build configuration list for PBXProject "Listixs" */;
			compatibilityVersion = "Xcode 9.3";
			developmentRegion = en;
			hasScannedForEncodings = 0;
			knownRegions = (
				en,
				Base,
				ru,
			);
			mainGroup = 3A19C3D724FC2AE300FD67FB;
			packageReferences = (
				113E2A66253830CB00EC1FB9 /* XCRemoteSwiftPackageReference "firebase-ios-sdk" */,
			);
			productRefGroup = 3A19C3E524FC2AE400FD67FB /* Products */;
			projectDirPath = "";
			projectRoot = "";
			targets = (
				3A19C3E324FC2AE400FD67FB /* Listixs (iOS) */,
				3A19C3EB24FC2AE400FD67FB /* Listixs (macOS) */,
			);
		};
/* End PBXProject section */

/* Begin PBXResourcesBuildPhase section */
		3A19C3E224FC2AE400FD67FB /* Resources */ = {
			isa = PBXResourcesBuildPhase;
			buildActionMask = 2147483647;
			files = (
				3A061D9D251E4225004E25BF /* Preview Assets.xcassets in Resources */,
				3A0B522725129842009F9F12 /* LaunchScreen.storyboard in Resources */,
				11EA3A6A2537B59F00EB8BB5 /* GoogleService-Info.plist in Resources */,
				3A19C3F424FC2AE400FD67FB /* Assets.xcassets in Resources */,
				3A22A9B0251079DC00404E2E /* Localizable.strings in Resources */,
			);
			runOnlyForDeploymentPostprocessing = 0;
		};
		3A19C3EA24FC2AE400FD67FB /* Resources */ = {
			isa = PBXResourcesBuildPhase;
			buildActionMask = 2147483647;
			files = (
				3A19C3F524FC2AE400FD67FB /* Assets.xcassets in Resources */,
				3A22A9B1251079DC00404E2E /* Localizable.strings in Resources */,
				11EA3A6B2537B59F00EB8BB5 /* GoogleService-Info.plist in Resources */,
			);
			runOnlyForDeploymentPostprocessing = 0;
		};
/* End PBXResourcesBuildPhase section */

/* Begin PBXSourcesBuildPhase section */
		3A19C3E024FC2AE400FD67FB /* Sources */ = {
			isa = PBXSourcesBuildPhase;
			buildActionMask = 2147483647;
			files = (
				112DE34F253C9DC300E69687 /* LeftViewModel.swift in Sources */,
				3A3C1CF0250EB7250076D0C0 /* ProVersonBanner.swift in Sources */,
				119243972538D9740073ABB0 /* UnAuthView.swift in Sources */,
				3A3C1CF2250EBBD60076D0C0 /* ProfileView.swift in Sources */,
				3A1AD143252511C500008FE9 /* ChatBubble.swift in Sources */,
				112DE348253C8F7F00E69687 /* CenterViewModel.swift in Sources */,
				3A061DB5251E68E3004E25BF /* NewItemTextFieldView.swift in Sources */,
				3A1AD14F2525295600008FE9 /* iOSRootViewModel.swift in Sources */,
				3AF2D7DF2504344300EB239C /* LeftMenu.swift in Sources */,
				3A4220CD252664B100EDC7CF /* ChatTitleView.swift in Sources */,
				3AF369BF250E41F2005D934F /* ListInfoCard.swift in Sources */,
				3ACA777C2506D3E9003ECE41 /* UserProfileButton.swift in Sources */,
				3AF2D7E12504352100EB239C /* ChatView.swift in Sources */,
				3AF2D7E52505857300EB239C /* PagesSliderView.swift in Sources */,
				3A1AD149252511F900008FE9 /* ChatRow.swift in Sources */,
				11BB152D253E2B9400FA930D /* CrateNewListView.swift in Sources */,
				3A3C1CF4250F2DDF0076D0C0 /* SettingsModelView.swift in Sources */,
				3A061DA3251E5920004E25BF /* ListItemRowView.swift in Sources */,
				3AF2D7E32505759D00EB239C /* ListTitleMenuButtonsView.swift in Sources */,
				3A7204FB250415AA00D04910 /* ListView.swift in Sources */,
				3AF369C2250E74BE005D934F /* ListTitleMenuButtonRowView.swift in Sources */,
				3A19C40224FC2B6C00FD67FB /* ListTitleView.swift in Sources */,
				3A19C3F024FC2AE400FD67FB /* Discussion_busketApp.swift in Sources */,
				3A061DBA251F3AD6004E25BF /* NewItemButton.swift in Sources */,
				3A1C0B1D25040E600087E5E3 /* iOSRoot.swift in Sources */,
				112DE357253CC0E000E69687 /* ListModel.swift in Sources */,
			);
			runOnlyForDeploymentPostprocessing = 0;
		};
		3A19C3E824FC2AE400FD67FB /* Sources */ = {
			isa = PBXSourcesBuildPhase;
			buildActionMask = 2147483647;
			files = (
				3A1C0B2025040E630087E5E3 /* MacRoot.swift in Sources */,
				3AF369C0250E41F2005D934F /* ListInfoCard.swift in Sources */,
				3A19C3F124FC2AE400FD67FB /* Discussion_busketApp.swift in Sources */,
			);
			runOnlyForDeploymentPostprocessing = 0;
		};
/* End PBXSourcesBuildPhase section */

/* Begin PBXVariantGroup section */
		3A22A9B3251079DC00404E2E /* Localizable.strings */ = {
			isa = PBXVariantGroup;
			children = (
				3A22A9B2251079DC00404E2E /* ru */,
				3A22A9B4251079DF00404E2E /* en */,
			);
			name = Localizable.strings;
			sourceTree = "<group>";
		};
/* End PBXVariantGroup section */

/* Begin XCBuildConfiguration section */
		3A19C3F624FC2AE400FD67FB /* Debug */ = {
			isa = XCBuildConfiguration;
			buildSettings = {
				ALWAYS_SEARCH_USER_PATHS = NO;
				CLANG_ANALYZER_LOCALIZABILITY_NONLOCALIZED = YES;
				CLANG_ANALYZER_NONNULL = YES;
				CLANG_ANALYZER_NUMBER_OBJECT_CONVERSION = YES_AGGRESSIVE;
				CLANG_CXX_LANGUAGE_STANDARD = "gnu++14";
				CLANG_CXX_LIBRARY = "libc++";
				CLANG_ENABLE_MODULES = YES;
				CLANG_ENABLE_OBJC_ARC = YES;
				CLANG_ENABLE_OBJC_WEAK = YES;
				CLANG_WARN_BLOCK_CAPTURE_AUTORELEASING = YES;
				CLANG_WARN_BOOL_CONVERSION = YES;
				CLANG_WARN_COMMA = YES;
				CLANG_WARN_CONSTANT_CONVERSION = YES;
				CLANG_WARN_DEPRECATED_OBJC_IMPLEMENTATIONS = YES;
				CLANG_WARN_DIRECT_OBJC_ISA_USAGE = YES_ERROR;
				CLANG_WARN_DOCUMENTATION_COMMENTS = YES;
				CLANG_WARN_EMPTY_BODY = YES;
				CLANG_WARN_ENUM_CONVERSION = YES;
				CLANG_WARN_INFINITE_RECURSION = YES;
				CLANG_WARN_INT_CONVERSION = YES;
				CLANG_WARN_NON_LITERAL_NULL_CONVERSION = YES;
				CLANG_WARN_OBJC_IMPLICIT_RETAIN_SELF = YES;
				CLANG_WARN_OBJC_LITERAL_CONVERSION = YES;
				CLANG_WARN_OBJC_ROOT_CLASS = YES_ERROR;
				CLANG_WARN_QUOTED_INCLUDE_IN_FRAMEWORK_HEADER = YES;
				CLANG_WARN_RANGE_LOOP_ANALYSIS = YES;
				CLANG_WARN_STRICT_PROTOTYPES = YES;
				CLANG_WARN_SUSPICIOUS_MOVE = YES;
				CLANG_WARN_UNGUARDED_AVAILABILITY = YES_AGGRESSIVE;
				CLANG_WARN_UNREACHABLE_CODE = YES;
				CLANG_WARN__DUPLICATE_METHOD_MATCH = YES;
				COPY_PHASE_STRIP = NO;
				DEBUG_INFORMATION_FORMAT = dwarf;
				ENABLE_STRICT_OBJC_MSGSEND = YES;
				ENABLE_TESTABILITY = YES;
				GCC_C_LANGUAGE_STANDARD = gnu11;
				GCC_DYNAMIC_NO_PIC = NO;
				GCC_NO_COMMON_BLOCKS = YES;
				GCC_OPTIMIZATION_LEVEL = 0;
				GCC_PREPROCESSOR_DEFINITIONS = (
					"DEBUG=1",
					"$(inherited)",
				);
				GCC_WARN_64_TO_32_BIT_CONVERSION = YES;
				GCC_WARN_ABOUT_RETURN_TYPE = YES_ERROR;
				GCC_WARN_UNDECLARED_SELECTOR = YES;
				GCC_WARN_UNINITIALIZED_AUTOS = YES_AGGRESSIVE;
				GCC_WARN_UNUSED_FUNCTION = YES;
				GCC_WARN_UNUSED_VARIABLE = YES;
				IPHONEOS_DEPLOYMENT_TARGET = 13.0;
				MACOSX_DEPLOYMENT_TARGET = 10.15;
				MTL_ENABLE_DEBUG_INFO = INCLUDE_SOURCE;
				MTL_FAST_MATH = YES;
				ONLY_ACTIVE_ARCH = YES;
				SWIFT_ACTIVE_COMPILATION_CONDITIONS = DEBUG;
				SWIFT_OPTIMIZATION_LEVEL = "-Onone";
			};
			name = Debug;
		};
		3A19C3F724FC2AE400FD67FB /* Release */ = {
			isa = XCBuildConfiguration;
			buildSettings = {
				ALWAYS_SEARCH_USER_PATHS = NO;
				CLANG_ANALYZER_LOCALIZABILITY_NONLOCALIZED = YES;
				CLANG_ANALYZER_NONNULL = YES;
				CLANG_ANALYZER_NUMBER_OBJECT_CONVERSION = YES_AGGRESSIVE;
				CLANG_CXX_LANGUAGE_STANDARD = "gnu++14";
				CLANG_CXX_LIBRARY = "libc++";
				CLANG_ENABLE_MODULES = YES;
				CLANG_ENABLE_OBJC_ARC = YES;
				CLANG_ENABLE_OBJC_WEAK = YES;
				CLANG_WARN_BLOCK_CAPTURE_AUTORELEASING = YES;
				CLANG_WARN_BOOL_CONVERSION = YES;
				CLANG_WARN_COMMA = YES;
				CLANG_WARN_CONSTANT_CONVERSION = YES;
				CLANG_WARN_DEPRECATED_OBJC_IMPLEMENTATIONS = YES;
				CLANG_WARN_DIRECT_OBJC_ISA_USAGE = YES_ERROR;
				CLANG_WARN_DOCUMENTATION_COMMENTS = YES;
				CLANG_WARN_EMPTY_BODY = YES;
				CLANG_WARN_ENUM_CONVERSION = YES;
				CLANG_WARN_INFINITE_RECURSION = YES;
				CLANG_WARN_INT_CONVERSION = YES;
				CLANG_WARN_NON_LITERAL_NULL_CONVERSION = YES;
				CLANG_WARN_OBJC_IMPLICIT_RETAIN_SELF = YES;
				CLANG_WARN_OBJC_LITERAL_CONVERSION = YES;
				CLANG_WARN_OBJC_ROOT_CLASS = YES_ERROR;
				CLANG_WARN_QUOTED_INCLUDE_IN_FRAMEWORK_HEADER = YES;
				CLANG_WARN_RANGE_LOOP_ANALYSIS = YES;
				CLANG_WARN_STRICT_PROTOTYPES = YES;
				CLANG_WARN_SUSPICIOUS_MOVE = YES;
				CLANG_WARN_UNGUARDED_AVAILABILITY = YES_AGGRESSIVE;
				CLANG_WARN_UNREACHABLE_CODE = YES;
				CLANG_WARN__DUPLICATE_METHOD_MATCH = YES;
				COPY_PHASE_STRIP = NO;
				DEBUG_INFORMATION_FORMAT = "dwarf-with-dsym";
				ENABLE_NS_ASSERTIONS = NO;
				ENABLE_STRICT_OBJC_MSGSEND = YES;
				GCC_C_LANGUAGE_STANDARD = gnu11;
				GCC_NO_COMMON_BLOCKS = YES;
				GCC_WARN_64_TO_32_BIT_CONVERSION = YES;
				GCC_WARN_ABOUT_RETURN_TYPE = YES_ERROR;
				GCC_WARN_UNDECLARED_SELECTOR = YES;
				GCC_WARN_UNINITIALIZED_AUTOS = YES_AGGRESSIVE;
				GCC_WARN_UNUSED_FUNCTION = YES;
				GCC_WARN_UNUSED_VARIABLE = YES;
				IPHONEOS_DEPLOYMENT_TARGET = 13.0;
				MACOSX_DEPLOYMENT_TARGET = 10.15;
				MTL_ENABLE_DEBUG_INFO = NO;
				MTL_FAST_MATH = YES;
				SWIFT_COMPILATION_MODE = wholemodule;
				SWIFT_OPTIMIZATION_LEVEL = "-O";
			};
			name = Release;
		};
		3A19C3F924FC2AE400FD67FB /* Debug */ = {
			isa = XCBuildConfiguration;
			buildSettings = {
				ASSETCATALOG_COMPILER_APPICON_NAME = AppIcon;
				CODE_SIGN_ENTITLEMENTS = "Discussion busket.entitlements";
				CODE_SIGN_IDENTITY = "Apple Development";
				CODE_SIGN_STYLE = Automatic;
				DEVELOPMENT_ASSET_PATHS = "iOS/Preview\\ Assets.xcassets";
				DEVELOPMENT_TEAM = ER582ZK85C;
				ENABLE_PREVIEWS = YES;
				INFOPLIST_FILE = iOS/Info.plist;
				IPHONEOS_DEPLOYMENT_TARGET = 13.0;
				LD_RUNPATH_SEARCH_PATHS = (
					"$(inherited)",
					"@executable_path/Frameworks",
				);
				PRODUCT_BUNDLE_IDENTIFIER = cc.romanov.Listixs;
				PRODUCT_NAME = "Discussion busket";
				PROVISIONING_PROFILE_SPECIFIER = "";
				SDKROOT = iphoneos;
				SWIFT_VERSION = 5.0;
				TARGETED_DEVICE_FAMILY = "1,2";
			};
			name = Debug;
		};
		3A19C3FA24FC2AE400FD67FB /* Release */ = {
			isa = XCBuildConfiguration;
			buildSettings = {
				ASSETCATALOG_COMPILER_APPICON_NAME = AppIcon;
				CODE_SIGN_ENTITLEMENTS = "Discussion busket.entitlements";
				CODE_SIGN_IDENTITY = "Apple Development";
				CODE_SIGN_STYLE = Automatic;
				DEVELOPMENT_ASSET_PATHS = "iOS/Preview\\ Assets.xcassets";
				DEVELOPMENT_TEAM = ER582ZK85C;
				ENABLE_PREVIEWS = YES;
				INFOPLIST_FILE = iOS/Info.plist;
				IPHONEOS_DEPLOYMENT_TARGET = 13.0;
				LD_RUNPATH_SEARCH_PATHS = (
					"$(inherited)",
					"@executable_path/Frameworks",
				);
				PRODUCT_BUNDLE_IDENTIFIER = cc.romanov.Listixs;
				PRODUCT_NAME = "Discussion busket";
				PROVISIONING_PROFILE_SPECIFIER = "";
				SDKROOT = iphoneos;
				SWIFT_VERSION = 5.0;
				TARGETED_DEVICE_FAMILY = "1,2";
				VALIDATE_PRODUCT = YES;
			};
			name = Release;
		};
		3A19C3FC24FC2AE400FD67FB /* Debug */ = {
			isa = XCBuildConfiguration;
			buildSettings = {
				ASSETCATALOG_COMPILER_APPICON_NAME = AppIcon;
				ASSETCATALOG_COMPILER_GLOBAL_ACCENT_COLOR_NAME = AccentColor;
				CODE_SIGN_ENTITLEMENTS = macOS/macOS.entitlements;
				CODE_SIGN_IDENTITY = "-";
				CODE_SIGN_STYLE = Automatic;
				COMBINE_HIDPI_IMAGES = YES;
				DEVELOPMENT_TEAM = ER582ZK85C;
				ENABLE_HARDENED_RUNTIME = YES;
				ENABLE_PREVIEWS = YES;
				INFOPLIST_FILE = macOS/Info.plist;
				LD_RUNPATH_SEARCH_PATHS = (
					"$(inherited)",
					"@executable_path/../Frameworks",
				);
				MACOSX_DEPLOYMENT_TARGET = 11.0;
				PRODUCT_BUNDLE_IDENTIFIER = "cc.romanov.Discussion-busket";
				PRODUCT_NAME = "Discussion busket";
				SDKROOT = macosx;
				SWIFT_VERSION = 5.0;
			};
			name = Debug;
		};
		3A19C3FD24FC2AE400FD67FB /* Release */ = {
			isa = XCBuildConfiguration;
			buildSettings = {
				ASSETCATALOG_COMPILER_APPICON_NAME = AppIcon;
				ASSETCATALOG_COMPILER_GLOBAL_ACCENT_COLOR_NAME = AccentColor;
				CODE_SIGN_ENTITLEMENTS = macOS/macOS.entitlements;
				CODE_SIGN_IDENTITY = "-";
				CODE_SIGN_STYLE = Automatic;
				COMBINE_HIDPI_IMAGES = YES;
				DEVELOPMENT_TEAM = ER582ZK85C;
				ENABLE_HARDENED_RUNTIME = YES;
				ENABLE_PREVIEWS = YES;
				INFOPLIST_FILE = macOS/Info.plist;
				LD_RUNPATH_SEARCH_PATHS = (
					"$(inherited)",
					"@executable_path/../Frameworks",
				);
				MACOSX_DEPLOYMENT_TARGET = 11.0;
				PRODUCT_BUNDLE_IDENTIFIER = "cc.romanov.Discussion-busket";
				PRODUCT_NAME = "Discussion busket";
				SDKROOT = macosx;
				SWIFT_VERSION = 5.0;
			};
			name = Release;
		};
/* End XCBuildConfiguration section */

/* Begin XCConfigurationList section */
		3A19C3DB24FC2AE300FD67FB /* Build configuration list for PBXProject "Listixs" */ = {
			isa = XCConfigurationList;
			buildConfigurations = (
				3A19C3F624FC2AE400FD67FB /* Debug */,
				3A19C3F724FC2AE400FD67FB /* Release */,
			);
			defaultConfigurationIsVisible = 0;
			defaultConfigurationName = Release;
		};
		3A19C3F824FC2AE400FD67FB /* Build configuration list for PBXNativeTarget "Listixs (iOS)" */ = {
			isa = XCConfigurationList;
			buildConfigurations = (
				3A19C3F924FC2AE400FD67FB /* Debug */,
				3A19C3FA24FC2AE400FD67FB /* Release */,
			);
			defaultConfigurationIsVisible = 0;
			defaultConfigurationName = Release;
		};
		3A19C3FB24FC2AE400FD67FB /* Build configuration list for PBXNativeTarget "Listixs (macOS)" */ = {
			isa = XCConfigurationList;
			buildConfigurations = (
				3A19C3FC24FC2AE400FD67FB /* Debug */,
				3A19C3FD24FC2AE400FD67FB /* Release */,
			);
			defaultConfigurationIsVisible = 0;
			defaultConfigurationName = Release;
		};
/* End XCConfigurationList section */

/* Begin XCRemoteSwiftPackageReference section */
		113E2A66253830CB00EC1FB9 /* XCRemoteSwiftPackageReference "firebase-ios-sdk" */ = {
			isa = XCRemoteSwiftPackageReference;
			repositoryURL = "https://github.com/firebase/firebase-ios-sdk.git";
			requirement = {
				branch = "6.31-spm-beta";
				kind = branch;
			};
		};
/* End XCRemoteSwiftPackageReference section */

/* Begin XCSwiftPackageProductDependency section */
		1101E2BC252FA1AB00130BDF /* M7NativeFirebase */ = {
			isa = XCSwiftPackageProductDependency;
			productName = M7NativeFirebase;
		};
		113E2A6D253830CB00EC1FB9 /* FirebaseAuth */ = {
			isa = XCSwiftPackageProductDependency;
			package = 113E2A66253830CB00EC1FB9 /* XCRemoteSwiftPackageReference "firebase-ios-sdk" */;
			productName = FirebaseAuth;
		};
		113E2A6F253830CB00EC1FB9 /* Firebase */ = {
			isa = XCSwiftPackageProductDependency;
			package = 113E2A66253830CB00EC1FB9 /* XCRemoteSwiftPackageReference "firebase-ios-sdk" */;
			productName = Firebase;
		};
		1192439B2538EF6A0073ABB0 /* FirebaseFirestoreSwift */ = {
			isa = XCSwiftPackageProductDependency;
			package = 113E2A66253830CB00EC1FB9 /* XCRemoteSwiftPackageReference "firebase-ios-sdk" */;
			productName = FirebaseFirestoreSwift;
		};
		1192439F2538F01F0073ABB0 /* FirebaseFirestore */ = {
			isa = XCSwiftPackageProductDependency;
			package = 113E2A66253830CB00EC1FB9 /* XCRemoteSwiftPackageReference "firebase-ios-sdk" */;
			productName = FirebaseFirestore;
		};
		11EA3A5C2537B1C400EB8BB5 /* M7NativeFirebase */ = {
			isa = XCSwiftPackageProductDependency;
			productName = M7NativeFirebase;
		};
		3A22A993251075FD00404E2E /* M7Native */ = {
			isa = XCSwiftPackageProductDependency;
			productName = M7Native;
		};
		3ACADB3525114DE90012921A /* M7Native */ = {
			isa = XCSwiftPackageProductDependency;
			productName = M7Native;
		};
/* End XCSwiftPackageProductDependency section */
	};
	rootObject = 3A19C3D824FC2AE300FD67FB /* Project object */;
}
